
Microsoft Visual Studio Solution File, Format Version 12.00
# Visual Studio Version 17
VisualStudioVersion = 17.11.35327.3
MinimumVisualStudioVersion = 10.0.40219.1
Project("{FAE04EC0-301F-11D3-BF4B-00C04F79EFBC}") = "ListPerformance", "ListPerformance\ListPerformance.csproj", "{B5294059-4093-4D0B-98D5-0A09EC5ACA14}"
EndProject
Project("{FAE04EC0-301F-11D3-BF4B-00C04F79EFBC}") = "LinkedListPerformance", "LinkedListPerformance\LinkedListPerformance.csproj", "{A5D812DD-2108-4B70-ACB9-DAF711C99FD7}"
EndProject
Project("{FAE04EC0-301F-11D3-BF4B-00C04F79EFBC}") = "FrequentlyWords", "FrequentlyWords\FrequentlyWords.csproj", "{893C1D3C-CE9A-449B-8BAD-77E224A3417C}"
EndProject
Global
	GlobalSection(SolutionConfigurationPlatforms) = preSolution
		Debug|Any CPU = Debug|Any CPU
		Release|Any CPU = Release|Any CPU
	EndGlobalSection
	GlobalSection(ProjectConfigurationPlatforms) = postSolution
		{B5294059-4093-4D0B-98D5-0A09EC5ACA14}.Debug|Any CPU.ActiveCfg = Debug|Any CPU
		{B5294059-4093-4D0B-98D5-0A09EC5ACA14}.Debug|Any CPU.Build.0 = Debug|Any CPU
		{B5294059-4093-4D0B-98D5-0A09EC5ACA14}.Release|Any CPU.ActiveCfg = Release|Any CPU
		{B5294059-4093-4D0B-98D5-0A09EC5ACA14}.Release|Any CPU.Build.0 = Release|Any CPU
		{A5D812DD-2108-4B70-ACB9-DAF711C99FD7}.Debug|Any CPU.ActiveCfg = Debug|Any CPU
		{A5D812DD-2108-4B70-ACB9-DAF711C99FD7}.Debug|Any CPU.Build.0 = Debug|Any CPU
		{A5D812DD-2108-4B70-ACB9-DAF711C99FD7}.Release|Any CPU.ActiveCfg = Release|Any CPU
		{A5D812DD-2108-4B70-ACB9-DAF711C99FD7}.Release|Any CPU.Build.0 = Release|Any CPU
		{893C1D3C-CE9A-449B-8BAD-77E224A3417C}.Debug|Any CPU.ActiveCfg = Debug|Any CPU
		{893C1D3C-CE9A-449B-8BAD-77E224A3417C}.Debug|Any CPU.Build.0 = Debug|Any CPU
		{893C1D3C-CE9A-449B-8BAD-77E224A3417C}.Release|Any CPU.ActiveCfg = Release|Any CPU
		{893C1D3C-CE9A-449B-8BAD-77E224A3417C}.Release|Any CPU.Build.0 = Release|Any CPU
	EndGlobalSection
	GlobalSection(SolutionProperties) = preSolution
		HideSolutionNode = FALSE
	EndGlobalSection
	GlobalSection(ExtensibilityGlobals) = postSolution
		SolutionGuid = {395D503B-6B4D-4DF4-8409-E6C3A9CFE3C8}
	EndGlobalSection
EndGlobal
